{
  "pins" : [
    {
      "identity" : "swiftextensions",
      "kind" : "remoteSourceControl",
      "location" : "https://github.com/tomieq/SwiftExtensions",
      "state" : {
        "branch" : "master",
        "revision" : "a8555a566eb14e954e881259731650b2b873addf"
      }
    }
  ],
  "version" : 2
}
